{
  "requires": true,
  "lockfileVersion": 1,
  "dependencies": {
    "@jetbrains/kotlin-react-router-dom": {
      "version": "4.3.1-pre.91",
      "resolved": "https://registry.npmjs.org/@jetbrains/kotlin-react-router-dom/-/kotlin-react-router-dom-4.3.1-pre.91.tgz",
      "integrity": "sha512-YIhWLbQCKydqgaCSb92D7bAQQc27wf57YgSbtRhFxXc3NuLMnZPszVIe2uSOdXjmaT6CmGMd6n8FwTXasfk12g=="
    }
  }
}
